
Microsoft Visual Studio Solution File, Format Version 12.00
# Visual Studio Version 16
VisualStudioVersion = 16.0.30114.105
MinimumVisualStudioVersion = 10.0.40219.1
Project("{FAE04EC0-301F-11D3-BF4B-00C04F79EFBC}") = "ProxyBoss", "ProxyBoss\ProxyBoss.csproj", "{619AB00A-8951-446C-928B-354770E7EF62}"
EndProject
Global
	GlobalSection(SolutionConfigurationPlatforms) = preSolution
		Debug|Any CPU = Debug|Any CPU
		Release|Any CPU = Release|Any CPU
	EndGlobalSection
	GlobalSection(ProjectConfigurationPlatforms) = postSolution
		{619AB00A-8951-446C-928B-354770E7EF62}.Debug|Any CPU.ActiveCfg = Debug|Any CPU
		{619AB00A-8951-446C-928B-354770E7EF62}.Debug|Any CPU.Build.0 = Debug|Any CPU
		{619AB00A-8951-446C-928B-354770E7EF62}.Release|Any CPU.ActiveCfg = Release|Any CPU
		{619AB00A-8951-446C-928B-354770E7EF62}.Release|Any CPU.Build.0 = Release|Any CPU
	EndGlobalSection
	GlobalSection(SolutionProperties) = preSolution
		HideSolutionNode = FALSE
	EndGlobalSection
	GlobalSection(ExtensibilityGlobals) = postSolution
		SolutionGuid = {E829FDBE-95B8-41F0-ABFD-8B62E8D7B5BC}
	EndGlobalSection
EndGlobal
